{
  "meteor": {},
  "dependencies": {
    "basePackages": {
      "server-eval": {},
      "http-methods": {}
    },
    "packages": {
      "server-eval": {
        "git": "https://github.com/gandev-de/meteor-server-eval.git",
        "tag": "v0.5.0",
        "commit": "0652e70de0b359305f7e04b9131dfc755e1cf27a"
      },
      "http-methods": {
        "git": "https://github.com/CollectionFS/Meteor-http-methods.git",
        "tag": "v0.0.22",
        "commit": "5b0f7723f49436b8a0a930f284ed05f0b26021fe"
      }
    }
  }
}
