{
  "meteor": {},
  "dependencies": {
    "basePackages": {
      "http-methods": {}
    },
    "packages": {
      "http-methods": {
        "git": "https://github.com/CollectionFS/Meteor-http-methods.git",
        "tag": "v0.0.22",
        "commit": "5b0f7723f49436b8a0a930f284ed05f0b26021fe"
      }
    }
  }
}
